
Microsoft Visual Studio Solution File, Format Version 12.00
# Visual Studio Version 17
VisualStudioVersion = 17.3.32929.385
MinimumVisualStudioVersion = 10.0.40219.1
Project("{2150E333-8FDC-42A3-9474-1A3956D46DE8}") = "Services", "Services", "{05BE2CE8-6FF0-460A-88F3-2CDCAE643B85}"
EndProject
Project("{2150E333-8FDC-42A3-9474-1A3956D46DE8}") = "Catalog", "Catalog", "{D1F0E4BA-303A-4408-B61F-3AFFC6A15E70}"
EndProject
Project("{FAE04EC0-301F-11D3-BF4B-00C04F79EFBC}") = "Catalog.API", "Services\Catalog\Catalog.API\Catalog.API.csproj", "{BA8820C0-9E20-488D-98F9-D58E6F809F32}"
EndProject
Global
	GlobalSection(SolutionConfigurationPlatforms) = preSolution
		Debug|Any CPU = Debug|Any CPU
		Release|Any CPU = Release|Any CPU
	EndGlobalSection
	GlobalSection(ProjectConfigurationPlatforms) = postSolution
		{BA8820C0-9E20-488D-98F9-D58E6F809F32}.Debug|Any CPU.ActiveCfg = Debug|Any CPU
		{BA8820C0-9E20-488D-98F9-D58E6F809F32}.Debug|Any CPU.Build.0 = Debug|Any CPU
		{BA8820C0-9E20-488D-98F9-D58E6F809F32}.Release|Any CPU.ActiveCfg = Release|Any CPU
		{BA8820C0-9E20-488D-98F9-D58E6F809F32}.Release|Any CPU.Build.0 = Release|Any CPU
	EndGlobalSection
	GlobalSection(SolutionProperties) = preSolution
		HideSolutionNode = FALSE
	EndGlobalSection
	GlobalSection(NestedProjects) = preSolution
		{D1F0E4BA-303A-4408-B61F-3AFFC6A15E70} = {05BE2CE8-6FF0-460A-88F3-2CDCAE643B85}
		{BA8820C0-9E20-488D-98F9-D58E6F809F32} = {D1F0E4BA-303A-4408-B61F-3AFFC6A15E70}
	EndGlobalSection
	GlobalSection(ExtensibilityGlobals) = postSolution
		SolutionGuid = {ADAD169B-9AB0-49CF-9B44-8B19987D23A6}
	EndGlobalSection
EndGlobal
